{"format_version":"1.2","terraform_version":"1.12.1","planned_values":{"outputs":{"dynamodb_table_name":{"sensitive":false,"type":"string","value":"terraform-state-locking"},"s3_bucket_id":{"sensitive":false},"terraform_state_region":{"sensitive":false,"type":"string","value":"us-east-1"}},"root_module":{"resources":[{"address":"aws_dynamodb_table.terraform_locks","mode":"managed","type":"aws_dynamodb_table","name":"terraform_locks","provider_name":"registry.terraform.io/hashicorp/aws","schema_version":1,"values":{"attribute":[{"name":"LockID","type":"S"}],"billing_mode":"PAY_PER_REQUEST","deletion_protection_enabled":null,"hash_key":"LockID","import_table":[],"local_secondary_index":[],"name":"terraform-state-locking","on_demand_throughput":[],"range_key":null,"region":"us-east-1","replica":[],"restore_date_time":null,"restore_source_name":null,"restore_source_table_arn":null,"restore_to_latest_time":null,"stream_enabled":null,"table_class":null,"tags":null,"timeouts":null},"sensitive_values":{"attribute":[{}],"global_secondary_index":[],"global_table_witness":[],"import_table":[],"local_secondary_index":[],"on_demand_throughput":[],"point_in_time_recovery":[],"replica":[],"server_side_encryption":[],"tags_all":{},"ttl":[],"warm_throughput":[]}},{"address":"aws_iam_group.terraform_group","mode":"managed","type":"aws_iam_group","name":"terraform_group","provider_name":"registry.terraform.io/hashicorp/aws","schema_version":0,"values":{"name":"TerraformAdministrators","path":"/"},"sensitive_values":{}},{"address":"aws_iam_group_membership.team","mode":"managed","type":"aws_iam_group_membership","name":"team","provider_name":"registry.terraform.io/hashicorp/aws","schema_version":0,"values":{"group":"TerraformAdministrators","name":"terraform-group-membership","users":["terraform"]},"sensitive_values":{"users":[false]}},{"address":"aws_iam_group_policy_attachment.attach_custom","mode":"managed","type":"aws_iam_group_policy_attachment","name":"attach_custom","provider_name":"registry.terraform.io/hashicorp/aws","schema_version":0,"values":{"group":"TerraformAdministrators"},"sensitive_values":{}},{"address":"aws_iam_policy.terraform_admin_policy","mode":"managed","type":"aws_iam_policy","name":"terraform_admin_policy","provider_name":"registry.terraform.io/hashicorp/aws","schema_version":0,"values":{"delay_after_policy_creation_in_ms":null,"description":"Permisos minimos para desplegar la App con S3 y CloudFront","name":"TerraformAutomationPolicy","path":"/","policy":"{\"Statement\":[{\"Action\":[\"s3:*\",\"iam:PutBucketPolicy\",\"iam:ListPolicyVersions\",\"iam:GetPolicyVersion\",\"iam:GetPolicy\",\"iam:GetBucketPolicy\",\"iam:DetachRolePolicy\",\"iam:DeletePolicy\",\"iam:CreatePolicy\",\"iam:AttachRolePolicy\",\"iam:*\",\"dynamodb:*\",\"cloudfront:*\"],\"Effect\":\"Allow\",\"Resource\":\"*\"}],\"Version\":\"2012-10-17\"}","tags":null},"sensitive_values":{"tags_all":{}},"identity_schema_version":0,"identity":{"arn":null}},{"address":"aws_s3_bucket.terraform_state","mode":"managed","type":"aws_s3_bucket","name":"terraform_state","provider_name":"registry.terraform.io/hashicorp/aws","schema_version":0,"values":{"bucket":"terraform-state-dcanosu-tf","force_destroy":false,"region":"us-east-1","tags":null,"timeouts":null},"sensitive_values":{"cors_rule":[],"grant":[],"lifecycle_rule":[],"logging":[],"object_lock_configuration":[],"replication_configuration":[],"server_side_encryption_configuration":[],"tags_all":{},"versioning":[],"website":[]},"identity_schema_version":0,"identity":{"account_id":null,"bucket":null,"region":null}},{"address":"aws_s3_bucket_versioning.state_ver","mode":"managed","type":"aws_s3_bucket_versioning","name":"state_ver","provider_name":"registry.terraform.io/hashicorp/aws","schema_version":0,"values":{"expected_bucket_owner":null,"mfa":null,"region":"us-east-1","versioning_configuration":[{"status":"Enabled"}]},"sensitive_values":{"versioning_configuration":[{}]},"identity_schema_version":1,"identity":{"account_id":null,"bucket":null,"region":null}}]}},"resource_changes":[{"address":"aws_dynamodb_table.terraform_locks","mode":"managed","type":"aws_dynamodb_table","name":"terraform_locks","provider_name":"registry.terraform.io/hashicorp/aws","change":{"actions":["create"],"before":null,"after":{"attribute":[{"name":"LockID","type":"S"}],"billing_mode":"PAY_PER_REQUEST","deletion_protection_enabled":null,"hash_key":"LockID","import_table":[],"local_secondary_index":[],"name":"terraform-state-locking","on_demand_throughput":[],"range_key":null,"region":"us-east-1","replica":[],"restore_date_time":null,"restore_source_name":null,"restore_source_table_arn":null,"restore_to_latest_time":null,"stream_enabled":null,"table_class":null,"tags":null,"timeouts":null},"after_unknown":{"arn":true,"attribute":[{}],"global_secondary_index":true,"global_table_witness":true,"id":true,"import_table":[],"local_secondary_index":[],"on_demand_throughput":[],"point_in_time_recovery":true,"read_capacity":true,"replica":[],"server_side_encryption":true,"stream_arn":true,"stream_label":true,"stream_view_type":true,"tags_all":true,"ttl":true,"warm_throughput":true,"write_capacity":true},"before_sensitive":false,"after_sensitive":{"attribute":[{}],"global_secondary_index":[],"global_table_witness":[],"import_table":[],"local_secondary_index":[],"on_demand_throughput":[],"point_in_time_recovery":[],"replica":[],"server_side_encryption":[],"tags_all":{},"ttl":[],"warm_throughput":[]}}},{"address":"aws_iam_group.terraform_group","mode":"managed","type":"aws_iam_group","name":"terraform_group","provider_name":"registry.terraform.io/hashicorp/aws","change":{"actions":["create"],"before":null,"after":{"name":"TerraformAdministrators","path":"/"},"after_unknown":{"arn":true,"id":true,"unique_id":true},"before_sensitive":false,"after_sensitive":{}}},{"address":"aws_iam_group_membership.team","mode":"managed","type":"aws_iam_group_membership","name":"team","provider_name":"registry.terraform.io/hashicorp/aws","change":{"actions":["create"],"before":null,"after":{"group":"TerraformAdministrators","name":"terraform-group-membership","users":["terraform"]},"after_unknown":{"id":true,"users":[false]},"before_sensitive":false,"after_sensitive":{"users":[false]}}},{"address":"aws_iam_group_policy_attachment.attach_custom","mode":"managed","type":"aws_iam_group_policy_attachment","name":"attach_custom","provider_name":"registry.terraform.io/hashicorp/aws","change":{"actions":["create"],"before":null,"after":{"group":"TerraformAdministrators"},"after_unknown":{"id":true,"policy_arn":true},"before_sensitive":false,"after_sensitive":{}}},{"address":"aws_iam_policy.terraform_admin_policy","mode":"managed","type":"aws_iam_policy","name":"terraform_admin_policy","provider_name":"registry.terraform.io/hashicorp/aws","change":{"actions":["create"],"before":null,"after":{"delay_after_policy_creation_in_ms":null,"description":"Permisos minimos para desplegar la App con S3 y CloudFront","name":"TerraformAutomationPolicy","path":"/","policy":"{\"Statement\":[{\"Action\":[\"s3:*\",\"iam:PutBucketPolicy\",\"iam:ListPolicyVersions\",\"iam:GetPolicyVersion\",\"iam:GetPolicy\",\"iam:GetBucketPolicy\",\"iam:DetachRolePolicy\",\"iam:DeletePolicy\",\"iam:CreatePolicy\",\"iam:AttachRolePolicy\",\"iam:*\",\"dynamodb:*\",\"cloudfront:*\"],\"Effect\":\"Allow\",\"Resource\":\"*\"}],\"Version\":\"2012-10-17\"}","tags":null},"after_unknown":{"arn":true,"attachment_count":true,"id":true,"name_prefix":true,"policy_id":true,"tags_all":true},"before_sensitive":false,"after_sensitive":{"tags_all":{}},"after_identity":{"arn":null}}},{"address":"aws_s3_bucket.terraform_state","mode":"managed","type":"aws_s3_bucket","name":"terraform_state","provider_name":"registry.terraform.io/hashicorp/aws","change":{"actions":["create"],"before":null,"after":{"bucket":"terraform-state-dcanosu-tf","force_destroy":false,"region":"us-east-1","tags":null,"timeouts":null},"after_unknown":{"acceleration_status":true,"acl":true,"arn":true,"bucket_domain_name":true,"bucket_prefix":true,"bucket_region":true,"bucket_regional_domain_name":true,"cors_rule":true,"grant":true,"hosted_zone_id":true,"id":true,"lifecycle_rule":true,"logging":true,"object_lock_configuration":true,"object_lock_enabled":true,"policy":true,"replication_configuration":true,"request_payer":true,"server_side_encryption_configuration":true,"tags_all":true,"versioning":true,"website":true,"website_domain":true,"website_endpoint":true},"before_sensitive":false,"after_sensitive":{"cors_rule":[],"grant":[],"lifecycle_rule":[],"logging":[],"object_lock_configuration":[],"replication_configuration":[],"server_side_encryption_configuration":[],"tags_all":{},"versioning":[],"website":[]},"after_identity":{"account_id":null,"bucket":null,"region":null}}},{"address":"aws_s3_bucket_versioning.state_ver","mode":"managed","type":"aws_s3_bucket_versioning","name":"state_ver","provider_name":"registry.terraform.io/hashicorp/aws","change":{"actions":["create"],"before":null,"after":{"expected_bucket_owner":null,"mfa":null,"region":"us-east-1","versioning_configuration":[{"status":"Enabled"}]},"after_unknown":{"bucket":true,"id":true,"versioning_configuration":[{"mfa_delete":true}]},"before_sensitive":false,"after_sensitive":{"versioning_configuration":[{}]},"after_identity":{"account_id":null,"bucket":null,"region":null}}}],"output_changes":{"dynamodb_table_name":{"actions":["create"],"before":null,"after":"terraform-state-locking","after_unknown":false,"before_sensitive":false,"after_sensitive":false},"s3_bucket_id":{"actions":["create"],"before":null,"after_unknown":true,"before_sensitive":false,"after_sensitive":false},"terraform_state_region":{"actions":["create"],"before":null,"after":"us-east-1","after_unknown":false,"before_sensitive":false,"after_sensitive":false}},"prior_state":{"format_version":"1.0","terraform_version":"1.12.1","values":{"outputs":{"dynamodb_table_name":{"sensitive":false,"value":"terraform-state-locking","type":"string"},"terraform_state_region":{"sensitive":false,"value":"us-east-1","type":"string"}},"root_module":{"resources":[{"address":"data.aws_iam_policy_document.terraform_permissions","mode":"data","type":"aws_iam_policy_document","name":"terraform_permissions","provider_name":"registry.terraform.io/hashicorp/aws","schema_version":0,"values":{"id":"1464932968","json":"{\n  \"Version\": \"2012-10-17\",\n  \"Statement\": [\n    {\n      \"Effect\": \"Allow\",\n      \"Action\": [\n        \"s3:*\",\n        \"iam:PutBucketPolicy\",\n        \"iam:ListPolicyVersions\",\n        \"iam:GetPolicyVersion\",\n        \"iam:GetPolicy\",\n        \"iam:GetBucketPolicy\",\n        \"iam:DetachRolePolicy\",\n        \"iam:DeletePolicy\",\n        \"iam:CreatePolicy\",\n        \"iam:AttachRolePolicy\",\n        \"iam:*\",\n        \"dynamodb:*\",\n        \"cloudfront:*\"\n      ],\n      \"Resource\": \"*\"\n    }\n  ]\n}","minified_json":"{\"Version\":\"2012-10-17\",\"Statement\":[{\"Effect\":\"Allow\",\"Action\":[\"s3:*\",\"iam:PutBucketPolicy\",\"iam:ListPolicyVersions\",\"iam:GetPolicyVersion\",\"iam:GetPolicy\",\"iam:GetBucketPolicy\",\"iam:DetachRolePolicy\",\"iam:DeletePolicy\",\"iam:CreatePolicy\",\"iam:AttachRolePolicy\",\"iam:*\",\"dynamodb:*\",\"cloudfront:*\"],\"Resource\":\"*\"}]}","override_json":null,"override_policy_documents":null,"policy_id":null,"source_json":null,"source_policy_documents":null,"statement":[{"actions":["cloudfront:*","dynamodb:*","iam:*","iam:AttachRolePolicy","iam:CreatePolicy","iam:DeletePolicy","iam:DetachRolePolicy","iam:GetBucketPolicy","iam:GetPolicy","iam:GetPolicyVersion","iam:ListPolicyVersions","iam:PutBucketPolicy","s3:*"],"condition":[],"effect":"Allow","not_actions":[],"not_principals":[],"not_resources":[],"principals":[],"resources":["*"],"sid":""}],"version":"2012-10-17"},"sensitive_values":{"statement":[{"actions":[false,false,false,false,false,false,false,false,false,false,false,false,false],"condition":[],"not_actions":[],"not_principals":[],"not_resources":[],"principals":[],"resources":[false]}]}}]}}},"configuration":{"provider_config":{"aws":{"name":"aws","full_name":"registry.terraform.io/hashicorp/aws","expressions":{"region":{"constant_value":"us-east-1"}}}},"root_module":{"outputs":{"dynamodb_table_name":{"expression":{"references":["aws_dynamodb_table.terraform_locks.name","aws_dynamodb_table.terraform_locks"]},"description":"Copia este valor en el campo 'dynamodb_table' de tu configuración de backend"},"s3_bucket_id":{"expression":{"references":["aws_s3_bucket.terraform_state.id","aws_s3_bucket.terraform_state"]},"description":"Copia este valor en el campo 'bucket' de tu configuración de backend"},"terraform_state_region":{"expression":{"constant_value":"us-east-1"},"description":"La región para el bloque backend"}},"resources":[{"address":"aws_dynamodb_table.terraform_locks","mode":"managed","type":"aws_dynamodb_table","name":"terraform_locks","provider_config_key":"aws","expressions":{"attribute":[{"name":{"constant_value":"LockID"},"type":{"constant_value":"S"}}],"billing_mode":{"constant_value":"PAY_PER_REQUEST"},"hash_key":{"constant_value":"LockID"},"name":{"constant_value":"terraform-state-locking"}},"schema_version":1},{"address":"aws_iam_group.terraform_group","mode":"managed","type":"aws_iam_group","name":"terraform_group","provider_config_key":"aws","expressions":{"name":{"constant_value":"TerraformAdministrators"}},"schema_version":0},{"address":"aws_iam_group_membership.team","mode":"managed","type":"aws_iam_group_membership","name":"team","provider_config_key":"aws","expressions":{"group":{"references":["aws_iam_group.terraform_group.name","aws_iam_group.terraform_group"]},"name":{"constant_value":"terraform-group-membership"},"users":{"constant_value":["terraform"]}},"schema_version":0},{"address":"aws_iam_group_policy_attachment.attach_custom","mode":"managed","type":"aws_iam_group_policy_attachment","name":"attach_custom","provider_config_key":"aws","expressions":{"group":{"references":["aws_iam_group.terraform_group.name","aws_iam_group.terraform_group"]},"policy_arn":{"references":["aws_iam_policy.terraform_admin_policy.arn","aws_iam_policy.terraform_admin_policy"]}},"schema_version":0},{"address":"aws_iam_policy.terraform_admin_policy","mode":"managed","type":"aws_iam_policy","name":"terraform_admin_policy","provider_config_key":"aws","expressions":{"description":{"constant_value":"Permisos minimos para desplegar la App con S3 y CloudFront"},"name":{"constant_value":"TerraformAutomationPolicy"},"policy":{"references":["data.aws_iam_policy_document.terraform_permissions.json","data.aws_iam_policy_document.terraform_permissions"]}},"schema_version":0},{"address":"aws_s3_bucket.terraform_state","mode":"managed","type":"aws_s3_bucket","name":"terraform_state","provider_config_key":"aws","expressions":{"bucket":{"constant_value":"terraform-state-dcanosu-tf"}},"schema_version":0},{"address":"aws_s3_bucket_versioning.state_ver","mode":"managed","type":"aws_s3_bucket_versioning","name":"state_ver","provider_config_key":"aws","expressions":{"bucket":{"references":["aws_s3_bucket.terraform_state.id","aws_s3_bucket.terraform_state"]},"versioning_configuration":[{"status":{"constant_value":"Enabled"}}]},"schema_version":0},{"address":"data.aws_iam_policy_document.terraform_permissions","mode":"data","type":"aws_iam_policy_document","name":"terraform_permissions","provider_config_key":"aws","expressions":{"statement":[{"actions":{"constant_value":["s3:*","dynamodb:*","cloudfront:*","iam:CreatePolicy","iam:GetPolicy","iam:GetPolicyVersion","iam:ListPolicyVersions","iam:DeletePolicy","iam:AttachRolePolicy","iam:DetachRolePolicy","iam:PutBucketPolicy","iam:GetBucketPolicy","iam:*"]},"resources":{"constant_value":["*"]}}]},"schema_version":0}]}},"relevant_attributes":[{"resource":"aws_iam_group.terraform_group","attribute":["name"]},{"resource":"data.aws_iam_policy_document.terraform_permissions","attribute":["json"]},{"resource":"aws_s3_bucket.terraform_state","attribute":["id"]},{"resource":"aws_dynamodb_table.terraform_locks","attribute":["name"]},{"resource":"aws_iam_policy.terraform_admin_policy","attribute":["arn"]}],"timestamp":"2026-02-17T02:37:26Z","applyable":true,"complete":true,"errored":false}
